
Microsoft Visual Studio Solution File, Format Version 12.00
# Visual Studio Version 17
VisualStudioVersion = 17.5.33627.172
MinimumVisualStudioVersion = 10.0.40219.1
Project("{FAE04EC0-301F-11D3-BF4B-00C04F79EFBC}") = "asp-with-vite-demo", "asp-with-vite-demo\asp-with-vite-demo.csproj", "{74979030-0D2A-4DA7-A20F-90E0104C6307}"
EndProject
Global
	GlobalSection(SolutionConfigurationPlatforms) = preSolution
		Debug|Any CPU = Debug|Any CPU
		Release|Any CPU = Release|Any CPU
	EndGlobalSection
	GlobalSection(ProjectConfigurationPlatforms) = postSolution
		{74979030-0D2A-4DA7-A20F-90E0104C6307}.Debug|Any CPU.ActiveCfg = Debug|Any CPU
		{74979030-0D2A-4DA7-A20F-90E0104C6307}.Debug|Any CPU.Build.0 = Debug|Any CPU
		{74979030-0D2A-4DA7-A20F-90E0104C6307}.Release|Any CPU.ActiveCfg = Release|Any CPU
		{74979030-0D2A-4DA7-A20F-90E0104C6307}.Release|Any CPU.Build.0 = Release|Any CPU
	EndGlobalSection
	GlobalSection(SolutionProperties) = preSolution
		HideSolutionNode = FALSE
	EndGlobalSection
	GlobalSection(ExtensibilityGlobals) = postSolution
		SolutionGuid = {8E24A235-72A2-4456-B1F6-C1188BCC01E8}
	EndGlobalSection
EndGlobal
